
Microsoft Visual Studio Solution File, Format Version 12.00
# Visual Studio Version 17
VisualStudioVersion = 17.8.34330.188
MinimumVisualStudioVersion = 10.0.40219.1
Project("{2150E333-8FDC-42A3-9474-1A3956D46DE8}") = "src", "src", "{6CBCC047-9D52-41B2-8631-8D28C5A5178A}"
EndProject
Project("{2150E333-8FDC-42A3-9474-1A3956D46DE8}") = "Services", "Services", "{5348F80F-864E-49F4-BB09-167B40F15B46}"
EndProject
Project("{2150E333-8FDC-42A3-9474-1A3956D46DE8}") = "Building Blocks", "Building Blocks", "{3E176BEF-653F-4D38-A896-77977192881C}"
EndProject
Project("{2150E333-8FDC-42A3-9474-1A3956D46DE8}") = "Web", "Web", "{6CC9750A-BDD3-482B-9D4A-16872DD99D0F}"
EndProject
Project("{2150E333-8FDC-42A3-9474-1A3956D46DE8}") = "Identity", "Identity", "{8F42C7DB-6209-4B41-9B6E-05F7CDC61B0C}"
EndProject
Project("{9A19103F-16F7-4668-BE54-9A1E7A4F7556}") = "NSE.Identity.API", "src\services\NSE.Identity.API\NSE.Identity.API.csproj", "{3DB42D0F-9A1A-4625-8A4B-481184D5AD6D}"
EndProject
Project("{2150E333-8FDC-42A3-9474-1A3956D46DE8}") = "Core", "Core", "{AFD82D3B-CD01-4BCB-8958-7C11735FCCBE}"
EndProject
Project("{9A19103F-16F7-4668-BE54-9A1E7A4F7556}") = "NSE.Core", "src\building_blocks\NSE.Core\NSE.Core.csproj", "{DF5715BD-D62E-4652-934F-42FF6578F291}"
EndProject
Project("{9A19103F-16F7-4668-BE54-9A1E7A4F7556}") = "NSE.Client.API", "src\services\NSE.Client.API\NSE.Client.API.csproj", "{ADFE9BAA-1C8E-4C7E-9166-2E7B2BA4617C}"
EndProject
Project("{2150E333-8FDC-42A3-9474-1A3956D46DE8}") = "Client", "Client", "{6662DF57-8A47-450A-8D7F-1246C47F3FC8}"
EndProject
Project("{2150E333-8FDC-42A3-9474-1A3956D46DE8}") = "Payment", "Payment", "{E27AEE3E-26C3-40CA-B9ED-86C34C305F9B}"
EndProject
Project("{2150E333-8FDC-42A3-9474-1A3956D46DE8}") = "ShoppingCart", "ShoppingCart", "{33B9BC0F-E85F-4FFF-981F-895E12DF0202}"
EndProject
Project("{2150E333-8FDC-42A3-9474-1A3956D46DE8}") = "Catalog", "Catalog", "{B35B8D11-D05F-49AC-BAE2-26A4CE9909FB}"
EndProject
Project("{2150E333-8FDC-42A3-9474-1A3956D46DE8}") = "Order", "Order", "{0D83908E-B650-4169-BEB8-DBD4DBDA2EBC}"
EndProject
Project("{9A19103F-16F7-4668-BE54-9A1E7A4F7556}") = "NSE.Catalog.API", "src\services\NSE.Catalog.API\NSE.Catalog.API.csproj", "{E02A4F51-8496-4A94-A5F4-CDF1F7C2DA55}"
EndProject
Project("{9A19103F-16F7-4668-BE54-9A1E7A4F7556}") = "NSE.Order.API", "src\services\NSE.Order.API\NSE.Order.API.csproj", "{0E0388B9-CFD4-4491-90E8-34286C42C186}"
EndProject
Project("{9A19103F-16F7-4668-BE54-9A1E7A4F7556}") = "NSE.Payment.API", "src\services\NSE.Payment.API\NSE.Payment.API.csproj", "{2629695A-9935-4C84-A59C-65060486268D}"
EndProject
Project("{9A19103F-16F7-4668-BE54-9A1E7A4F7556}") = "NSE.ShoppingCart.API", "src\services\NSE.ShoppingCart.API\NSE.ShoppingCart.API.csproj", "{72DE8683-A87A-470F-897C-71288777DF31}"
EndProject
Project("{2150E333-8FDC-42A3-9474-1A3956D46DE8}") = "Itens de Solução", "Itens de Solução", "{5C2BCD47-36EE-4C83-BD11-01D282FAC1CE}"
	ProjectSection(SolutionItems) = preProject
		.dockerignore = .dockerignore
		.gitignore = .gitignore
		docker-compose.yaml = docker-compose.yaml
		Makefile = Makefile
	EndProjectSection
EndProject
Project("{FAE04EC0-301F-11D3-BF4B-00C04F79EFBC}") = "NSE.WebAPI.Core", "src\building_blocks\NSE.WebAPI.Core\NSE.WebAPI.Core.csproj", "{A07AFA73-E13B-4341-B4CD-3111150FAC05}"
EndProject
Global
	GlobalSection(SolutionConfigurationPlatforms) = preSolution
		Debug|Any CPU = Debug|Any CPU
		Release|Any CPU = Release|Any CPU
	EndGlobalSection
	GlobalSection(ProjectConfigurationPlatforms) = postSolution
		{3DB42D0F-9A1A-4625-8A4B-481184D5AD6D}.Debug|Any CPU.ActiveCfg = Debug|Any CPU
		{3DB42D0F-9A1A-4625-8A4B-481184D5AD6D}.Debug|Any CPU.Build.0 = Debug|Any CPU
		{3DB42D0F-9A1A-4625-8A4B-481184D5AD6D}.Release|Any CPU.ActiveCfg = Release|Any CPU
		{3DB42D0F-9A1A-4625-8A4B-481184D5AD6D}.Release|Any CPU.Build.0 = Release|Any CPU
		{DF5715BD-D62E-4652-934F-42FF6578F291}.Debug|Any CPU.ActiveCfg = Debug|Any CPU
		{DF5715BD-D62E-4652-934F-42FF6578F291}.Debug|Any CPU.Build.0 = Debug|Any CPU
		{DF5715BD-D62E-4652-934F-42FF6578F291}.Release|Any CPU.ActiveCfg = Release|Any CPU
		{DF5715BD-D62E-4652-934F-42FF6578F291}.Release|Any CPU.Build.0 = Release|Any CPU
		{ADFE9BAA-1C8E-4C7E-9166-2E7B2BA4617C}.Debug|Any CPU.ActiveCfg = Debug|Any CPU
		{ADFE9BAA-1C8E-4C7E-9166-2E7B2BA4617C}.Debug|Any CPU.Build.0 = Debug|Any CPU
		{ADFE9BAA-1C8E-4C7E-9166-2E7B2BA4617C}.Release|Any CPU.ActiveCfg = Release|Any CPU
		{ADFE9BAA-1C8E-4C7E-9166-2E7B2BA4617C}.Release|Any CPU.Build.0 = Release|Any CPU
		{E02A4F51-8496-4A94-A5F4-CDF1F7C2DA55}.Debug|Any CPU.ActiveCfg = Debug|Any CPU
		{E02A4F51-8496-4A94-A5F4-CDF1F7C2DA55}.Debug|Any CPU.Build.0 = Debug|Any CPU
		{E02A4F51-8496-4A94-A5F4-CDF1F7C2DA55}.Release|Any CPU.ActiveCfg = Release|Any CPU
		{E02A4F51-8496-4A94-A5F4-CDF1F7C2DA55}.Release|Any CPU.Build.0 = Release|Any CPU
		{0E0388B9-CFD4-4491-90E8-34286C42C186}.Debug|Any CPU.ActiveCfg = Debug|Any CPU
		{0E0388B9-CFD4-4491-90E8-34286C42C186}.Debug|Any CPU.Build.0 = Debug|Any CPU
		{0E0388B9-CFD4-4491-90E8-34286C42C186}.Release|Any CPU.ActiveCfg = Release|Any CPU
		{0E0388B9-CFD4-4491-90E8-34286C42C186}.Release|Any CPU.Build.0 = Release|Any CPU
		{2629695A-9935-4C84-A59C-65060486268D}.Debug|Any CPU.ActiveCfg = Debug|Any CPU
		{2629695A-9935-4C84-A59C-65060486268D}.Debug|Any CPU.Build.0 = Debug|Any CPU
		{2629695A-9935-4C84-A59C-65060486268D}.Release|Any CPU.ActiveCfg = Release|Any CPU
		{2629695A-9935-4C84-A59C-65060486268D}.Release|Any CPU.Build.0 = Release|Any CPU
		{72DE8683-A87A-470F-897C-71288777DF31}.Debug|Any CPU.ActiveCfg = Debug|Any CPU
		{72DE8683-A87A-470F-897C-71288777DF31}.Debug|Any CPU.Build.0 = Debug|Any CPU
		{72DE8683-A87A-470F-897C-71288777DF31}.Release|Any CPU.ActiveCfg = Release|Any CPU
		{72DE8683-A87A-470F-897C-71288777DF31}.Release|Any CPU.Build.0 = Release|Any CPU
		{A07AFA73-E13B-4341-B4CD-3111150FAC05}.Debug|Any CPU.ActiveCfg = Debug|Any CPU
		{A07AFA73-E13B-4341-B4CD-3111150FAC05}.Debug|Any CPU.Build.0 = Debug|Any CPU
		{A07AFA73-E13B-4341-B4CD-3111150FAC05}.Release|Any CPU.ActiveCfg = Release|Any CPU
		{A07AFA73-E13B-4341-B4CD-3111150FAC05}.Release|Any CPU.Build.0 = Release|Any CPU
	EndGlobalSection
	GlobalSection(SolutionProperties) = preSolution
		HideSolutionNode = FALSE
	EndGlobalSection
	GlobalSection(NestedProjects) = preSolution
		{5348F80F-864E-49F4-BB09-167B40F15B46} = {6CBCC047-9D52-41B2-8631-8D28C5A5178A}
		{3E176BEF-653F-4D38-A896-77977192881C} = {6CBCC047-9D52-41B2-8631-8D28C5A5178A}
		{6CC9750A-BDD3-482B-9D4A-16872DD99D0F} = {6CBCC047-9D52-41B2-8631-8D28C5A5178A}
		{8F42C7DB-6209-4B41-9B6E-05F7CDC61B0C} = {5348F80F-864E-49F4-BB09-167B40F15B46}
		{3DB42D0F-9A1A-4625-8A4B-481184D5AD6D} = {8F42C7DB-6209-4B41-9B6E-05F7CDC61B0C}
		{AFD82D3B-CD01-4BCB-8958-7C11735FCCBE} = {3E176BEF-653F-4D38-A896-77977192881C}
		{DF5715BD-D62E-4652-934F-42FF6578F291} = {AFD82D3B-CD01-4BCB-8958-7C11735FCCBE}
		{ADFE9BAA-1C8E-4C7E-9166-2E7B2BA4617C} = {6662DF57-8A47-450A-8D7F-1246C47F3FC8}
		{6662DF57-8A47-450A-8D7F-1246C47F3FC8} = {5348F80F-864E-49F4-BB09-167B40F15B46}
		{E27AEE3E-26C3-40CA-B9ED-86C34C305F9B} = {5348F80F-864E-49F4-BB09-167B40F15B46}
		{33B9BC0F-E85F-4FFF-981F-895E12DF0202} = {5348F80F-864E-49F4-BB09-167B40F15B46}
		{B35B8D11-D05F-49AC-BAE2-26A4CE9909FB} = {5348F80F-864E-49F4-BB09-167B40F15B46}
		{0D83908E-B650-4169-BEB8-DBD4DBDA2EBC} = {5348F80F-864E-49F4-BB09-167B40F15B46}
		{E02A4F51-8496-4A94-A5F4-CDF1F7C2DA55} = {B35B8D11-D05F-49AC-BAE2-26A4CE9909FB}
		{0E0388B9-CFD4-4491-90E8-34286C42C186} = {0D83908E-B650-4169-BEB8-DBD4DBDA2EBC}
		{2629695A-9935-4C84-A59C-65060486268D} = {E27AEE3E-26C3-40CA-B9ED-86C34C305F9B}
		{72DE8683-A87A-470F-897C-71288777DF31} = {33B9BC0F-E85F-4FFF-981F-895E12DF0202}
		{A07AFA73-E13B-4341-B4CD-3111150FAC05} = {AFD82D3B-CD01-4BCB-8958-7C11735FCCBE}
	EndGlobalSection
	GlobalSection(ExtensibilityGlobals) = postSolution
		SolutionGuid = {EE592B29-50A3-43BF-B201-D352EEB981E9}
	EndGlobalSection
EndGlobal
